
Microsoft Visual Studio Solution File, Format Version 12.00
# Visual Studio Version 16
VisualStudioVersion = 16.0.30114.105
MinimumVisualStudioVersion = 10.0.40219.1
Project("{FAE04EC0-301F-11D3-BF4B-00C04F79EFBC}") = "Fabryca_database_api", "Fabryca_database_api\Fabryca_database_api.csproj", "{57F02BA0-60D8-4E87-9FEF-D0FF98EA2EBB}"
EndProject
Global
	GlobalSection(SolutionConfigurationPlatforms) = preSolution
		Debug|Any CPU = Debug|Any CPU
		Release|Any CPU = Release|Any CPU
	EndGlobalSection
	GlobalSection(SolutionProperties) = preSolution
		HideSolutionNode = FALSE
	EndGlobalSection
	GlobalSection(ProjectConfigurationPlatforms) = postSolution
		{57F02BA0-60D8-4E87-9FEF-D0FF98EA2EBB}.Debug|Any CPU.ActiveCfg = Debug|Any CPU
		{57F02BA0-60D8-4E87-9FEF-D0FF98EA2EBB}.Debug|Any CPU.Build.0 = Debug|Any CPU
		{57F02BA0-60D8-4E87-9FEF-D0FF98EA2EBB}.Release|Any CPU.ActiveCfg = Release|Any CPU
		{57F02BA0-60D8-4E87-9FEF-D0FF98EA2EBB}.Release|Any CPU.Build.0 = Release|Any CPU
	EndGlobalSection
EndGlobal
